<?xml version="1.0" encoding="utf-8"?>
<Project ToolsVersion="4.0" xmlns="http://schemas.microsoft.com/developer/msbuild/2003">
  <ItemGroup>
    <Filter Include="Source Files">
      <UniqueIdentifier>{4FC737F1-C7A5-4376-A066-2A32D752A2FF}</UniqueIdentifier>
      <Extensions>cpp;c;cc;cxx;c++;cppm;ixx;def;odl;idl;hpj;bat;asm;asmx</Extensions>
    </Filter>
  </ItemGroup>
  <ItemGroup>
    <ClCompile Include="Stalemater2000.cpp">
      <Filter>Source Files</Filter>
    </ClCompile>
    <ClCompile Include="Computer.cpp">
      <Filter>Source Files</Filter>
    </ClCompile>
    <ClCompile Include="Zobrist.cpp">
      <Filter>Source Files</Filter>
    </ClCompile>
    <ClCompile Include="Evaluation.h">
      <Filter>Source Files</Filter>
    </ClCompile>
    <ClCompile Include="Evaluation.cpp">
      <Filter>Source Files</Filter>
    </ClCompile>
    <ClCompile Include="ComputerUtilities.cpp">
      <Filter>Source Files</Filter>
    </ClCompile>
    <ClCompile Include="UCI.cpp">
      <Filter>Source Files</Filter>
    </ClCompile>
    <ClCompile Include="bitmath.cpp">
      <Filter>Source Files</Filter>
    </ClCompile>
    <ClCompile Include="GameHistory.cpp">
      <Filter>Source Files</Filter>
    </ClCompile>
    <ClCompile Include="HashBoard.cpp">
      <Filter>Source Files</Filter>
    </ClCompile>
    <ClCompile Include="movegen.cpp">
      <Filter>Source Files</Filter>
    </ClCompile>
    <ClCompile Include="moves.cpp">
      <Filter>Source Files</Filter>
    </ClCompile>
    <ClCompile Include="Position.cpp">
      <Filter>Source Files</Filter>
    </ClCompile>
  </ItemGroup>
  <ItemGroup>
    <ClInclude Include="Computer.h">
      <Filter>Source Files</Filter>
    </ClInclude>
    <ClInclude Include="Zobrist.h">
      <Filter>Source Files</Filter>
    </ClInclude>
    <ClInclude Include="UCI.h">
      <Filter>Source Files</Filter>
    </ClInclude>
    <ClInclude Include="bitmath.h" />
    <ClInclude Include="boardlabels.h" />
    <ClInclude Include="GameHistory.h" />
    <ClInclude Include="HashBoard.h" />
    <ClInclude Include="moves.h" />
    <ClInclude Include="GamePosition.h" />
  </ItemGroup>
</Project>